
Microsoft Visual Studio Solution File, Format Version 12.00
# Visual Studio Version 16
VisualStudioVersion = 16.0.31321.278
MinimumVisualStudioVersion = 10.0.40219.1
Project("{FAE04EC0-301F-11D3-BF4B-00C04F79EFBC}") = "SeedPeeker", "SeedPeeker\SeedPeeker.csproj", "{7D0C0F68-155E-47BA-974D-BEE026599EE0}"
EndProject
Global
	GlobalSection(SolutionConfigurationPlatforms) = preSolution
		Debug|Any CPU = Debug|Any CPU
		Release|Any CPU = Release|Any CPU
	EndGlobalSection
	GlobalSection(ProjectConfigurationPlatforms) = postSolution
		{7D0C0F68-155E-47BA-974D-BEE026599EE0}.Debug|Any CPU.ActiveCfg = Debug|Any CPU
		{7D0C0F68-155E-47BA-974D-BEE026599EE0}.Debug|Any CPU.Build.0 = Debug|Any CPU
		{7D0C0F68-155E-47BA-974D-BEE026599EE0}.Release|Any CPU.ActiveCfg = Release|Any CPU
		{7D0C0F68-155E-47BA-974D-BEE026599EE0}.Release|Any CPU.Build.0 = Release|Any CPU
	EndGlobalSection
	GlobalSection(SolutionProperties) = preSolution
		HideSolutionNode = FALSE
	EndGlobalSection
	GlobalSection(ExtensibilityGlobals) = postSolution
		SolutionGuid = {8E62682C-36C1-4070-8BD4-B6EA314E0D04}
	EndGlobalSection
EndGlobal
